
Microsoft Visual Studio Solution File, Format Version 12.00
# Visual Studio 14
VisualStudioVersion = 14.0.25420.1
MinimumVisualStudioVersion = 10.0.40219.1
Project("{F2A71F9B-5D33-465A-A702-920D77279786}") = "Homework1", "Homework1\Homework1.fsproj", "{21EF3070-6C0D-4A46-A058-7D727FBA1BD2}"
EndProject
Project("{888888A0-9F3D-457C-B088-3A5042F75D52}") = "Homework1Py", "Homework1Py\Homework1Py.pyproj", "{23C60440-AB9F-4A38-A58A-7029A0D245EC}"
EndProject
Global
	GlobalSection(SolutionConfigurationPlatforms) = preSolution
		Debug|Any CPU = Debug|Any CPU
		Release|Any CPU = Release|Any CPU
	EndGlobalSection
	GlobalSection(ProjectConfigurationPlatforms) = postSolution
		{21EF3070-6C0D-4A46-A058-7D727FBA1BD2}.Debug|Any CPU.ActiveCfg = Debug|Any CPU
		{21EF3070-6C0D-4A46-A058-7D727FBA1BD2}.Debug|Any CPU.Build.0 = Debug|Any CPU
		{21EF3070-6C0D-4A46-A058-7D727FBA1BD2}.Release|Any CPU.ActiveCfg = Release|Any CPU
		{21EF3070-6C0D-4A46-A058-7D727FBA1BD2}.Release|Any CPU.Build.0 = Release|Any CPU
		{23C60440-AB9F-4A38-A58A-7029A0D245EC}.Debug|Any CPU.ActiveCfg = Debug|Any CPU
		{23C60440-AB9F-4A38-A58A-7029A0D245EC}.Release|Any CPU.ActiveCfg = Release|Any CPU
	EndGlobalSection
	GlobalSection(SolutionProperties) = preSolution
		HideSolutionNode = FALSE
	EndGlobalSection
EndGlobal
