
Microsoft Visual Studio Solution File, Format Version 12.00
# Visual Studio 14
VisualStudioVersion = 14.0.25420.1
MinimumVisualStudioVersion = 10.0.40219.1
Project("{F2A71F9B-5D33-465A-A702-920D77279786}") = "Homework1", "Homework1\Homework1.fsproj", "{21EF3070-6C0D-4A46-A058-7D727FBA1BD2}"
EndProject
Project("{888888A0-9F3D-457C-B088-3A5042F75D52}") = "Homework1Py", "Homework1Py\Homework1Py.pyproj", "{23C60440-AB9F-4A38-A58A-7029A0D245EC}"
EndProject
Project("{F2A71F9B-5D33-465A-A702-920D77279786}") = "Homework2", "Homework2\Homework2.fsproj", "{05D75C63-D99A-4A42-9A5D-FE83026AA867}"
EndProject
Project("{F2A71F9B-5D33-465A-A702-920D77279786}") = "Homework4", "Homework4\Homework4.fsproj", "{3CD87076-5C7C-469F-BBFD-BCA75BDD9AB3}"
EndProject
Project("{F2A71F9B-5D33-465A-A702-920D77279786}") = "Homework5", "Homework5\Homework5.fsproj", "{71F842D5-D2EF-439C-813C-5CCB67BD2F7F}"
EndProject
Project("{F2A71F9B-5D33-465A-A702-920D77279786}") = "Homework6", "Homework6\Homework6.fsproj", "{98227CD3-70D1-41AA-A94D-45D92450DDD7}"
EndProject
Project("{F2A71F9B-5D33-465A-A702-920D77279786}") = "Homework7", "Homework7\Homework7.fsproj", "{BEF321F4-8346-46F8-AB14-F9BF37A62E3A}"
EndProject
Project("{F2A71F9B-5D33-465A-A702-920D77279786}") = "Homework8", "Homework8\Homework8.fsproj", "{0CBB273C-2710-40BE-A4CE-9999D8126FAC}"
EndProject
Global
	GlobalSection(SolutionConfigurationPlatforms) = preSolution
		Debug|Any CPU = Debug|Any CPU
		Release|Any CPU = Release|Any CPU
	EndGlobalSection
	GlobalSection(ProjectConfigurationPlatforms) = postSolution
		{21EF3070-6C0D-4A46-A058-7D727FBA1BD2}.Debug|Any CPU.ActiveCfg = Debug|Any CPU
		{21EF3070-6C0D-4A46-A058-7D727FBA1BD2}.Debug|Any CPU.Build.0 = Debug|Any CPU
		{21EF3070-6C0D-4A46-A058-7D727FBA1BD2}.Release|Any CPU.ActiveCfg = Release|Any CPU
		{21EF3070-6C0D-4A46-A058-7D727FBA1BD2}.Release|Any CPU.Build.0 = Release|Any CPU
		{23C60440-AB9F-4A38-A58A-7029A0D245EC}.Debug|Any CPU.ActiveCfg = Debug|Any CPU
		{23C60440-AB9F-4A38-A58A-7029A0D245EC}.Release|Any CPU.ActiveCfg = Release|Any CPU
		{05D75C63-D99A-4A42-9A5D-FE83026AA867}.Debug|Any CPU.ActiveCfg = Debug|Any CPU
		{05D75C63-D99A-4A42-9A5D-FE83026AA867}.Debug|Any CPU.Build.0 = Debug|Any CPU
		{05D75C63-D99A-4A42-9A5D-FE83026AA867}.Release|Any CPU.ActiveCfg = Release|Any CPU
		{05D75C63-D99A-4A42-9A5D-FE83026AA867}.Release|Any CPU.Build.0 = Release|Any CPU
		{3CD87076-5C7C-469F-BBFD-BCA75BDD9AB3}.Debug|Any CPU.ActiveCfg = Debug|Any CPU
		{3CD87076-5C7C-469F-BBFD-BCA75BDD9AB3}.Debug|Any CPU.Build.0 = Debug|Any CPU
		{3CD87076-5C7C-469F-BBFD-BCA75BDD9AB3}.Release|Any CPU.ActiveCfg = Release|Any CPU
		{3CD87076-5C7C-469F-BBFD-BCA75BDD9AB3}.Release|Any CPU.Build.0 = Release|Any CPU
		{71F842D5-D2EF-439C-813C-5CCB67BD2F7F}.Debug|Any CPU.ActiveCfg = Debug|Any CPU
		{71F842D5-D2EF-439C-813C-5CCB67BD2F7F}.Debug|Any CPU.Build.0 = Debug|Any CPU
		{71F842D5-D2EF-439C-813C-5CCB67BD2F7F}.Release|Any CPU.ActiveCfg = Release|Any CPU
		{71F842D5-D2EF-439C-813C-5CCB67BD2F7F}.Release|Any CPU.Build.0 = Release|Any CPU
		{98227CD3-70D1-41AA-A94D-45D92450DDD7}.Debug|Any CPU.ActiveCfg = Debug|Any CPU
		{98227CD3-70D1-41AA-A94D-45D92450DDD7}.Debug|Any CPU.Build.0 = Debug|Any CPU
		{98227CD3-70D1-41AA-A94D-45D92450DDD7}.Release|Any CPU.ActiveCfg = Release|Any CPU
		{98227CD3-70D1-41AA-A94D-45D92450DDD7}.Release|Any CPU.Build.0 = Release|Any CPU
		{BEF321F4-8346-46F8-AB14-F9BF37A62E3A}.Debug|Any CPU.ActiveCfg = Debug|Any CPU
		{BEF321F4-8346-46F8-AB14-F9BF37A62E3A}.Debug|Any CPU.Build.0 = Debug|Any CPU
		{BEF321F4-8346-46F8-AB14-F9BF37A62E3A}.Release|Any CPU.ActiveCfg = Release|Any CPU
		{BEF321F4-8346-46F8-AB14-F9BF37A62E3A}.Release|Any CPU.Build.0 = Release|Any CPU
		{0CBB273C-2710-40BE-A4CE-9999D8126FAC}.Debug|Any CPU.ActiveCfg = Debug|Any CPU
		{0CBB273C-2710-40BE-A4CE-9999D8126FAC}.Debug|Any CPU.Build.0 = Debug|Any CPU
		{0CBB273C-2710-40BE-A4CE-9999D8126FAC}.Release|Any CPU.ActiveCfg = Release|Any CPU
		{0CBB273C-2710-40BE-A4CE-9999D8126FAC}.Release|Any CPU.Build.0 = Release|Any CPU
	EndGlobalSection
	GlobalSection(SolutionProperties) = preSolution
		HideSolutionNode = FALSE
	EndGlobalSection
EndGlobal
